
Microsoft Visual Studio Solution File, Format Version 12.00
# Visual Studio Version 17
VisualStudioVersion = 17.3.32929.385
MinimumVisualStudioVersion = 10.0.40219.1
Project("{FAE04EC0-301F-11D3-BF4B-00C04F79EFBC}") = "AnychronousProgramming", "AnychronousProgramming\AnychronousProgramming.csproj", "{12468909-6E73-40BF-806C-C5C98AE42D6A}"
EndProject
Global
	GlobalSection(SolutionConfigurationPlatforms) = preSolution
		Debug|Any CPU = Debug|Any CPU
		Release|Any CPU = Release|Any CPU
	EndGlobalSection
	GlobalSection(ProjectConfigurationPlatforms) = postSolution
		{12468909-6E73-40BF-806C-C5C98AE42D6A}.Debug|Any CPU.ActiveCfg = Debug|Any CPU
		{12468909-6E73-40BF-806C-C5C98AE42D6A}.Debug|Any CPU.Build.0 = Debug|Any CPU
		{12468909-6E73-40BF-806C-C5C98AE42D6A}.Release|Any CPU.ActiveCfg = Release|Any CPU
		{12468909-6E73-40BF-806C-C5C98AE42D6A}.Release|Any CPU.Build.0 = Release|Any CPU
	EndGlobalSection
	GlobalSection(SolutionProperties) = preSolution
		HideSolutionNode = FALSE
	EndGlobalSection
	GlobalSection(ExtensibilityGlobals) = postSolution
		SolutionGuid = {92C2E936-2C31-4959-9A42-DCED6E0A12CC}
	EndGlobalSection
EndGlobal
